
Microsoft Visual Studio Solution File, Format Version 12.00
# Visual Studio Version 16
VisualStudioVersion = 16.0.31112.23
MinimumVisualStudioVersion = 10.0.40219.1
Project("{9A19103F-16F7-4668-BE54-9A1E7A4F7556}") = "Hepsiburada.Domain", "Hepsiburada.Domain\Hepsiburada.Domain.csproj", "{2880FBB1-7AFC-48FB-A8A3-34E494B9716A}"
EndProject
Project("{9A19103F-16F7-4668-BE54-9A1E7A4F7556}") = "Hepsiburada.Application", "Hepsiburada.Application\Hepsiburada.Application.csproj", "{1295A8FD-9DB7-4BB8-9417-68D345A14F06}"
EndProject
Project("{9A19103F-16F7-4668-BE54-9A1E7A4F7556}") = "Hepsiburada.Presentation", "Hepsiburada.Presentation\Hepsiburada.Presentation.csproj", "{EE2CA638-EEF5-4600-B754-D0C852BE78E6}"
EndProject
Project("{9A19103F-16F7-4668-BE54-9A1E7A4F7556}") = "Hepsiburada.Tests", "Hepsiburada.Tests\Hepsiburada.Tests.csproj", "{EF6C5A73-E17F-4986-8100-3DB22C147C82}"
EndProject
Project("{FAE04EC0-301F-11D3-BF4B-00C04F79EFBC}") = "Hepsiburada.RepositoryImpl", "Hepsiburada.RepositoryImpl\Hepsiburada.RepositoryImpl.csproj", "{7E4BC990-2912-4B42-B592-FDC4ACF9C54A}"
EndProject
Global
	GlobalSection(SolutionConfigurationPlatforms) = preSolution
		Debug|Any CPU = Debug|Any CPU
		Release|Any CPU = Release|Any CPU
	EndGlobalSection
	GlobalSection(ProjectConfigurationPlatforms) = postSolution
		{2880FBB1-7AFC-48FB-A8A3-34E494B9716A}.Debug|Any CPU.ActiveCfg = Debug|Any CPU
		{2880FBB1-7AFC-48FB-A8A3-34E494B9716A}.Debug|Any CPU.Build.0 = Debug|Any CPU
		{2880FBB1-7AFC-48FB-A8A3-34E494B9716A}.Release|Any CPU.ActiveCfg = Release|Any CPU
		{2880FBB1-7AFC-48FB-A8A3-34E494B9716A}.Release|Any CPU.Build.0 = Release|Any CPU
		{1295A8FD-9DB7-4BB8-9417-68D345A14F06}.Debug|Any CPU.ActiveCfg = Debug|Any CPU
		{1295A8FD-9DB7-4BB8-9417-68D345A14F06}.Debug|Any CPU.Build.0 = Debug|Any CPU
		{1295A8FD-9DB7-4BB8-9417-68D345A14F06}.Release|Any CPU.ActiveCfg = Release|Any CPU
		{1295A8FD-9DB7-4BB8-9417-68D345A14F06}.Release|Any CPU.Build.0 = Release|Any CPU
		{EE2CA638-EEF5-4600-B754-D0C852BE78E6}.Debug|Any CPU.ActiveCfg = Debug|Any CPU
		{EE2CA638-EEF5-4600-B754-D0C852BE78E6}.Debug|Any CPU.Build.0 = Debug|Any CPU
		{EE2CA638-EEF5-4600-B754-D0C852BE78E6}.Release|Any CPU.ActiveCfg = Release|Any CPU
		{EE2CA638-EEF5-4600-B754-D0C852BE78E6}.Release|Any CPU.Build.0 = Release|Any CPU
		{EF6C5A73-E17F-4986-8100-3DB22C147C82}.Debug|Any CPU.ActiveCfg = Debug|Any CPU
		{EF6C5A73-E17F-4986-8100-3DB22C147C82}.Debug|Any CPU.Build.0 = Debug|Any CPU
		{EF6C5A73-E17F-4986-8100-3DB22C147C82}.Release|Any CPU.ActiveCfg = Release|Any CPU
		{EF6C5A73-E17F-4986-8100-3DB22C147C82}.Release|Any CPU.Build.0 = Release|Any CPU
		{7E4BC990-2912-4B42-B592-FDC4ACF9C54A}.Debug|Any CPU.ActiveCfg = Debug|Any CPU
		{7E4BC990-2912-4B42-B592-FDC4ACF9C54A}.Debug|Any CPU.Build.0 = Debug|Any CPU
		{7E4BC990-2912-4B42-B592-FDC4ACF9C54A}.Release|Any CPU.ActiveCfg = Release|Any CPU
		{7E4BC990-2912-4B42-B592-FDC4ACF9C54A}.Release|Any CPU.Build.0 = Release|Any CPU
	EndGlobalSection
	GlobalSection(SolutionProperties) = preSolution
		HideSolutionNode = FALSE
	EndGlobalSection
	GlobalSection(ExtensibilityGlobals) = postSolution
		SolutionGuid = {3CF564B0-6825-4E67-86EF-46B9CF73805D}
	EndGlobalSection
EndGlobal
